// !$*UTF8*$!
{
	archiveVersion = 1;
	classes = {
	};
	objectVersion = 46;
	objects = {

/* Begin PBXBuildFile section */
		3D29E7571F75B20C00ED56BD /* AppDelegate.swift in Sources */ = {isa = PBXBuildFile; fileRef = 3D29E7561F75B20C00ED56BD /* AppDelegate.swift */; };
		3D29E7591F75B20C00ED56BD /* ViewController.swift in Sources */ = {isa = PBXBuildFile; fileRef = 3D29E7581F75B20C00ED56BD /* ViewController.swift */; };
		3D29E75C1F75B20C00ED56BD /* Main.storyboard in Resources */ = {isa = PBXBuildFile; fileRef = 3D29E75A1F75B20C00ED56BD /* Main.storyboard */; };
		3D29E75E1F75B20C00ED56BD /* Assets.xcassets in Resources */ = {isa = PBXBuildFile; fileRef = 3D29E75D1F75B20C00ED56BD /* Assets.xcassets */; };
		3D29E7611F75B20C00ED56BD /* LaunchScreen.storyboard in Resources */ = {isa = PBXBuildFile; fileRef = 3D29E75F1F75B20C00ED56BD /* LaunchScreen.storyboard */; };
/* End PBXBuildFile section */

/* Begin PBXFileReference section */
		3D29E7531F75B20C00ED56BD /* spinAndAlert.app */ = {isa = PBXFileReference; explicitFileType = wrapper.application; includeInIndex = 0; path = spinAndAlert.app; sourceTree = BUILT_PRODUCTS_DIR; };
		3D29E7561F75B20C00ED56BD /* AppDelegate.swift */ = {isa = PBXFileReference; lastKnownFileType = sourcecode.swift; path = AppDelegate.swift; sourceTree = "<group>"; };
		3D29E7581F75B20C00ED56BD /* ViewController.swift */ = {isa = PBXFileReference; lastKnownFileType = sourcecode.swift; path = ViewController.swift; sourceTree = "<group>"; };
		3D29E75B1F75B20C00ED56BD /* Base */ = {isa = PBXFileReference; lastKnownFileType = file.storyboard; name = Base; path = Base.lproj/Main.storyboard; sourceTree = "<group>"; };
		3D29E75D1F75B20C00ED56BD /* Assets.xcassets */ = {isa = PBXFileReference; lastKnownFileType = folder.assetcatalog; path = Assets.xcassets; sourceTree = "<group>"; };
		3D29E7601F75B20C00ED56BD /* Base */ = {isa = PBXFileReference; lastKnownFileType = file.storyboard; name = Base; path = Base.lproj/LaunchScreen.storyboard; sourceTree = "<group>"; };
		3D29E7621F75B20C00ED56BD /* Info.plist */ = {isa = PBXFileReference; lastKnownFileType = text.plist.xml; path = Info.plist; sourceTree = "<group>"; };
/* End PBXFileReference section */

/* Begin PBXFrameworksBuildPhase section */
		3D29E7501F75B20B00ED56BD /* Frameworks */ = {
			isa = PBXFrameworksBuildPhase;
			buildActionMask = 2147483647;
			files = (
			);
			runOnlyForDeploymentPostprocessing = 0;
		};
/* End PBXFrameworksBuildPhase section */

/* Begin PBXGroup section */
		3D29E74A1F75B20B00ED56BD = {
			isa = PBXGroup;
			children = (
				3D29E7551F75B20C00ED56BD /* spinAndAlert */,
				3D29E7541F75B20C00ED56BD /* Products */,
			);
			sourceTree = "<group>";
		};
		3D29E7541F75B20C00ED56BD /* Products */ = {
			isa = PBXGroup;
			children = (
				3D29E7531F75B20C00ED56BD /* spinAndAlert.app */,
			);
			name = Products;
			sourceTree = "<group>";
		};
		3D29E7551F75B20C00ED56BD /* spinAndAlert */ = {
			isa = PBXGroup;
			children = (
				3D29E7561F75B20C00ED56BD /* AppDelegate.swift */,
				3D29E7581F75B20C00ED56BD /* ViewController.swift */,
				3D29E75A1F75B20C00ED56BD /* Main.storyboard */,
				3D29E75D1F75B20C00ED56BD /* Assets.xcassets */,
				3D29E75F1F75B20C00ED56BD /* LaunchScreen.storyboard */,
				3D29E7621F75B20C00ED56BD /* Info.plist */,
			);
			path = spinAndAlert;
			sourceTree = "<group>";
		};
/* End PBXGroup section */

/* Begin PBXNativeTarget section */
		3D29E7521F75B20B00ED56BD /* spinAndAlert */ = {
			isa = PBXNativeTarget;
			buildConfigurationList = 3D29E7651F75B20C00ED56BD /* Build configuration list for PBXNativeTarget "spinAndAlert" */;
			buildPhases = (
				3D29E74F1F75B20B00ED56BD /* Sources */,
				3D29E7501F75B20B00ED56BD /* Frameworks */,
				3D29E7511F75B20B00ED56BD /* Resources */,
			);
			buildRules = (
			);
			dependencies = (
			);
			name = spinAndAlert;
			productName = spinAndAlert;
			productReference = 3D29E7531F75B20C00ED56BD /* spinAndAlert.app */;
			productType = "com.apple.product-type.application";
		};
/* End PBXNativeTarget section */

/* Begin PBXProject section */
		3D29E74B1F75B20B00ED56BD /* Project object */ = {
			isa = PBXProject;
			attributes = {
				LastSwiftUpdateCheck = 0830;
				LastUpgradeCheck = 0830;
				ORGANIZATIONNAME = "West Kraemer";
				TargetAttributes = {
					3D29E7521F75B20B00ED56BD = {
						CreatedOnToolsVersion = 8.3.3;
						ProvisioningStyle = Automatic;
					};
				};
			};
			buildConfigurationList = 3D29E74E1F75B20B00ED56BD /* Build configuration list for PBXProject "spinAndAlert" */;
			compatibilityVersion = "Xcode 3.2";
			developmentRegion = English;
			hasScannedForEncodings = 0;
			knownRegions = (
				en,
				Base,
			);
			mainGroup = 3D29E74A1F75B20B00ED56BD;
			productRefGroup = 3D29E7541F75B20C00ED56BD /* Products */;
			projectDirPath = "";
			projectRoot = "";
			targets = (
				3D29E7521F75B20B00ED56BD /* spinAndAlert */,
			);
		};
/* End PBXProject section */

/* Begin PBXResourcesBuildPhase section */
		3D29E7511F75B20B00ED56BD /* Resources */ = {
			isa = PBXResourcesBuildPhase;
			buildActionMask = 2147483647;
			files = (
				3D29E7611F75B20C00ED56BD /* LaunchScreen.storyboard in Resources */,
				3D29E75E1F75B20C00ED56BD /* Assets.xcassets in Resources */,
				3D29E75C1F75B20C00ED56BD /* Main.storyboard in Resources */,
			);
			runOnlyForDeploymentPostprocessing = 0;
		};
/* End PBXResourcesBuildPhase section */

/* Begin PBXSourcesBuildPhase section */
		3D29E74F1F75B20B00ED56BD /* Sources */ = {
			isa = PBXSourcesBuildPhase;
			buildActionMask = 2147483647;
			files = (
				3D29E7591F75B20C00ED56BD /* ViewController.swift in Sources */,
				3D29E7571F75B20C00ED56BD /* AppDelegate.swift in Sources */,
			);
			runOnlyForDeploymentPostprocessing = 0;
		};
/* End PBXSourcesBuildPhase section */

/* Begin PBXVariantGroup section */
		3D29E75A1F75B20C00ED56BD /* Main.storyboard */ = {
			isa = PBXVariantGroup;
			children = (
				3D29E75B1F75B20C00ED56BD /* Base */,
			);
			name = Main.storyboard;
			sourceTree = "<group>";
		};
		3D29E75F1F75B20C00ED56BD /* LaunchScreen.storyboard */ = {
			isa = PBXVariantGroup;
			children = (
				3D29E7601F75B20C00ED56BD /* Base */,
			);
			name = LaunchScreen.storyboard;
			sourceTree = "<group>";
		};
/* End PBXVariantGroup section */

/* Begin XCBuildConfiguration section */
		3D29E7631F75B20C00ED56BD /* Debug */ = {
			isa = XCBuildConfiguration;
			buildSettings = {
				ALWAYS_SEARCH_USER_PATHS = NO;
				CLANG_ANALYZER_NONNULL = YES;
				CLANG_ANALYZER_NUMBER_OBJECT_CONVERSION = YES_AGGRESSIVE;
				CLANG_CXX_LANGUAGE_STANDARD = "gnu++0x";
				CLANG_CXX_LIBRARY = "libc++";
				CLANG_ENABLE_MODULES = YES;
				CLANG_ENABLE_OBJC_ARC = YES;
				CLANG_WARN_BOOL_CONVERSION = YES;
				CLANG_WARN_CONSTANT_CONVERSION = YES;
				CLANG_WARN_DIRECT_OBJC_ISA_USAGE = YES_ERROR;
				CLANG_WARN_DOCUMENTATION_COMMENTS = YES;
				CLANG_WARN_EMPTY_BODY = YES;
				CLANG_WARN_ENUM_CONVERSION = YES;
				CLANG_WARN_INFINITE_RECURSION = YES;
				CLANG_WARN_INT_CONVERSION = YES;
				CLANG_WARN_OBJC_ROOT_CLASS = YES_ERROR;
				CLANG_WARN_SUSPICIOUS_MOVE = YES;
				CLANG_WARN_UNREACHABLE_CODE = YES;
				CLANG_WARN__DUPLICATE_METHOD_MATCH = YES;
				"CODE_SIGN_IDENTITY[sdk=iphoneos*]" = "iPhone Developer";
				COPY_PHASE_STRIP = NO;
				DEBUG_INFORMATION_FORMAT = dwarf;
				ENABLE_STRICT_OBJC_MSGSEND = YES;
				ENABLE_TESTABILITY = YES;
				GCC_C_LANGUAGE_STANDARD = gnu99;
				GCC_DYNAMIC_NO_PIC = NO;
				GCC_NO_COMMON_BLOCKS = YES;
				GCC_OPTIMIZATION_LEVEL = 0;
				GCC_PREPROCESSOR_DEFINITIONS = (
					"DEBUG=1",
					"$(inherited)",
				);
				GCC_WARN_64_TO_32_BIT_CONVERSION = YES;
				GCC_WARN_ABOUT_RETURN_TYPE = YES_ERROR;
				GCC_WARN_UNDECLARED_SELECTOR = YES;
				GCC_WARN_UNINITIALIZED_AUTOS = YES_AGGRESSIVE;
				GCC_WARN_UNUSED_FUNCTION = YES;
				GCC_WARN_UNUSED_VARIABLE = YES;
				IPHONEOS_DEPLOYMENT_TARGET = 10.3;
				MTL_ENABLE_DEBUG_INFO = YES;
				ONLY_ACTIVE_ARCH = YES;
				SDKROOT = iphoneos;
				SWIFT_ACTIVE_COMPILATION_CONDITIONS = DEBUG;
				SWIFT_OPTIMIZATION_LEVEL = "-Onone";
				TARGETED_DEVICE_FAMILY = "1,2";
			};
			name = Debug;
		};
		3D29E7641F75B20C00ED56BD /* Release */ = {
			isa = XCBuildConfiguration;
			buildSettings = {
				ALWAYS_SEARCH_USER_PATHS = NO;
				CLANG_ANALYZER_NONNULL = YES;
				CLANG_ANALYZER_NUMBER_OBJECT_CONVERSION = YES_AGGRESSIVE;
				CLANG_CXX_LANGUAGE_STANDARD = "gnu++0x";
				CLANG_CXX_LIBRARY = "libc++";
				CLANG_ENABLE_MODULES = YES;
				CLANG_ENABLE_OBJC_ARC = YES;
				CLANG_WARN_BOOL_CONVERSION = YES;
				CLANG_WARN_CONSTANT_CONVERSION = YES;
				CLANG_WARN_DIRECT_OBJC_ISA_USAGE = YES_ERROR;
				CLANG_WARN_DOCUMENTATION_COMMENTS = YES;
				CLANG_WARN_EMPTY_BODY = YES;
				CLANG_WARN_ENUM_CONVERSION = YES;
				CLANG_WARN_INFINITE_RECURSION = YES;
				CLANG_WARN_INT_CONVERSION = YES;
				CLANG_WARN_OBJC_ROOT_CLASS = YES_ERROR;
				CLANG_WARN_SUSPICIOUS_MOVE = YES;
				CLANG_WARN_UNREACHABLE_CODE = YES;
				CLANG_WARN__DUPLICATE_METHOD_MATCH = YES;
				"CODE_SIGN_IDENTITY[sdk=iphoneos*]" = "iPhone Developer";
				COPY_PHASE_STRIP = NO;
				DEBUG_INFORMATION_FORMAT = "dwarf-with-dsym";
				ENABLE_NS_ASSERTIONS = NO;
				ENABLE_STRICT_OBJC_MSGSEND = YES;
				GCC_C_LANGUAGE_STANDARD = gnu99;
				GCC_NO_COMMON_BLOCKS = YES;
				GCC_WARN_64_TO_32_BIT_CONVERSION = YES;
				GCC_WARN_ABOUT_RETURN_TYPE = YES_ERROR;
				GCC_WARN_UNDECLARED_SELECTOR = YES;
				GCC_WARN_UNINITIALIZED_AUTOS = YES_AGGRESSIVE;
				GCC_WARN_UNUSED_FUNCTION = YES;
				GCC_WARN_UNUSED_VARIABLE = YES;
				IPHONEOS_DEPLOYMENT_TARGET = 10.3;
				MTL_ENABLE_DEBUG_INFO = NO;
				SDKROOT = iphoneos;
				SWIFT_OPTIMIZATION_LEVEL = "-Owholemodule";
				TARGETED_DEVICE_FAMILY = "1,2";
				VALIDATE_PRODUCT = YES;
			};
			name = Release;
		};
		3D29E7661F75B20C00ED56BD /* Debug */ = {
			isa = XCBuildConfiguration;
			buildSettings = {
				ASSETCATALOG_COMPILER_APPICON_NAME = AppIcon;
				INFOPLIST_FILE = spinAndAlert/Info.plist;
				LD_RUNPATH_SEARCH_PATHS = "$(inherited) @executable_path/Frameworks";
				PRODUCT_BUNDLE_IDENTIFIER = west.spinAndAlert;
				PRODUCT_NAME = "$(TARGET_NAME)";
				SWIFT_VERSION = 3.0;
			};
			name = Debug;
		};
		3D29E7671F75B20C00ED56BD /* Release */ = {
			isa = XCBuildConfiguration;
			buildSettings = {
				ASSETCATALOG_COMPILER_APPICON_NAME = AppIcon;
				INFOPLIST_FILE = spinAndAlert/Info.plist;
				LD_RUNPATH_SEARCH_PATHS = "$(inherited) @executable_path/Frameworks";
				PRODUCT_BUNDLE_IDENTIFIER = west.spinAndAlert;
				PRODUCT_NAME = "$(TARGET_NAME)";
				SWIFT_VERSION = 3.0;
			};
			name = Release;
		};
/* End XCBuildConfiguration section */

/* Begin XCConfigurationList section */
		3D29E74E1F75B20B00ED56BD /* Build configuration list for PBXProject "spinAndAlert" */ = {
			isa = XCConfigurationList;
			buildConfigurations = (
				3D29E7631F75B20C00ED56BD /* Debug */,
				3D29E7641F75B20C00ED56BD /* Release */,
			);
			defaultConfigurationIsVisible = 0;
			defaultConfigurationName = Release;
		};
		3D29E7651F75B20C00ED56BD /* Build configuration list for PBXNativeTarget "spinAndAlert" */ = {
			isa = XCConfigurationList;
			buildConfigurations = (
				3D29E7661F75B20C00ED56BD /* Debug */,
				3D29E7671F75B20C00ED56BD /* Release */,
			);
			defaultConfigurationIsVisible = 0;
		};
/* End XCConfigurationList section */
	};
	rootObject = 3D29E74B1F75B20B00ED56BD /* Project object */;
}
